
Microsoft Visual Studio Solution File, Format Version 11.00
# Visual Studio 2010
Project("{FAE04EC0-301F-11D3-BF4B-00C04F79EFBC}") = "Assembly-CSharp", "Assembly-CSharp.csproj", "{97DE08C9-722E-C282-9F93-C7A9F9A8DE4A}"
EndProject
Project("{FAE04EC0-301F-11D3-BF4B-00C04F79EFBC}") = "Assembly-CSharp-firstpass", "Assembly-CSharp-firstpass.csproj", "{AE820CB6-0FD9-349A-FB76-F207CE1C4614}"
EndProject
Project("{FAE04EC0-301F-11D3-BF4B-00C04F79EFBC}") = "Assembly-CSharp-Editor", "Assembly-CSharp-Editor.csproj", "{27415EBD-0224-B392-2B5A-E3FB55F7DCBF}"
EndProject
Global
	GlobalSection(SolutionConfigurationPlatforms) = preSolution
		Debug|Any CPU = Debug|Any CPU
		Release|Any CPU = Release|Any CPU
	EndGlobalSection
	GlobalSection(ProjectConfigurationPlatforms) = postSolution
		{97DE08C9-722E-C282-9F93-C7A9F9A8DE4A}.Debug|Any CPU.ActiveCfg = Debug|Any CPU
		{97DE08C9-722E-C282-9F93-C7A9F9A8DE4A}.Debug|Any CPU.Build.0 = Debug|Any CPU
		{97DE08C9-722E-C282-9F93-C7A9F9A8DE4A}.Release|Any CPU.ActiveCfg = Release|Any CPU
		{97DE08C9-722E-C282-9F93-C7A9F9A8DE4A}.Release|Any CPU.Build.0 = Release|Any CPU
		{AE820CB6-0FD9-349A-FB76-F207CE1C4614}.Debug|Any CPU.ActiveCfg = Debug|Any CPU
		{AE820CB6-0FD9-349A-FB76-F207CE1C4614}.Debug|Any CPU.Build.0 = Debug|Any CPU
		{AE820CB6-0FD9-349A-FB76-F207CE1C4614}.Release|Any CPU.ActiveCfg = Release|Any CPU
		{AE820CB6-0FD9-349A-FB76-F207CE1C4614}.Release|Any CPU.Build.0 = Release|Any CPU
		{27415EBD-0224-B392-2B5A-E3FB55F7DCBF}.Debug|Any CPU.ActiveCfg = Debug|Any CPU
		{27415EBD-0224-B392-2B5A-E3FB55F7DCBF}.Debug|Any CPU.Build.0 = Debug|Any CPU
		{27415EBD-0224-B392-2B5A-E3FB55F7DCBF}.Release|Any CPU.ActiveCfg = Release|Any CPU
		{27415EBD-0224-B392-2B5A-E3FB55F7DCBF}.Release|Any CPU.Build.0 = Release|Any CPU
	EndGlobalSection
	GlobalSection(SolutionProperties) = preSolution
		HideSolutionNode = FALSE
	EndGlobalSection
EndGlobal
